// !$*UTF8*$!
{
	archiveVersion = 1;
	classes = {
	};
	objectVersion = 46;
	objects = {

/* Begin PBXBuildFile section */
		18643B5819C2A304007E74F9 /* AppDelegate.swift in Sources */ = {isa = PBXBuildFile; fileRef = 18643B5719C2A304007E74F9 /* AppDelegate.swift */; };
		18643B5A19C2A304007E74F9 /* ViewController.swift in Sources */ = {isa = PBXBuildFile; fileRef = 18643B5919C2A304007E74F9 /* ViewController.swift */; };
		18643B5D19C2A304007E74F9 /* Main.storyboard in Resources */ = {isa = PBXBuildFile; fileRef = 18643B5B19C2A304007E74F9 /* Main.storyboard */; };
		18643B5F19C2A304007E74F9 /* Images.xcassets in Resources */ = {isa = PBXBuildFile; fileRef = 18643B5E19C2A304007E74F9 /* Images.xcassets */; };
		18643B6219C2A304007E74F9 /* LaunchScreen.xib in Resources */ = {isa = PBXBuildFile; fileRef = 18643B6019C2A304007E74F9 /* LaunchScreen.xib */; };
		18643B6E19C2A304007E74F9 /* carouselTests.swift in Sources */ = {isa = PBXBuildFile; fileRef = 18643B6D19C2A304007E74F9 /* carouselTests.swift */; };
/* End PBXBuildFile section */

/* Begin PBXContainerItemProxy section */
		18643B6819C2A304007E74F9 /* PBXContainerItemProxy */ = {
			isa = PBXContainerItemProxy;
			containerPortal = 18643B4A19C2A304007E74F9 /* Project object */;
			proxyType = 1;
			remoteGlobalIDString = 18643B5119C2A304007E74F9;
			remoteInfo = carousel;
		};
/* End PBXContainerItemProxy section */

/* Begin PBXFileReference section */
		18643B5219C2A304007E74F9 /* carousel.app */ = {isa = PBXFileReference; explicitFileType = wrapper.application; includeInIndex = 0; path = carousel.app; sourceTree = BUILT_PRODUCTS_DIR; };
		18643B5619C2A304007E74F9 /* Info.plist */ = {isa = PBXFileReference; lastKnownFileType = text.plist.xml; path = Info.plist; sourceTree = "<group>"; };
		18643B5719C2A304007E74F9 /* AppDelegate.swift */ = {isa = PBXFileReference; lastKnownFileType = sourcecode.swift; path = AppDelegate.swift; sourceTree = "<group>"; };
		18643B5919C2A304007E74F9 /* ViewController.swift */ = {isa = PBXFileReference; lastKnownFileType = sourcecode.swift; path = ViewController.swift; sourceTree = "<group>"; };
		18643B5C19C2A304007E74F9 /* Base */ = {isa = PBXFileReference; lastKnownFileType = file.storyboard; name = Base; path = Base.lproj/Main.storyboard; sourceTree = "<group>"; };
		18643B5E19C2A304007E74F9 /* Images.xcassets */ = {isa = PBXFileReference; lastKnownFileType = folder.assetcatalog; path = Images.xcassets; sourceTree = "<group>"; };
		18643B6119C2A304007E74F9 /* Base */ = {isa = PBXFileReference; lastKnownFileType = file.xib; name = Base; path = Base.lproj/LaunchScreen.xib; sourceTree = "<group>"; };
		18643B6719C2A304007E74F9 /* carouselTests.xctest */ = {isa = PBXFileReference; explicitFileType = wrapper.cfbundle; includeInIndex = 0; path = carouselTests.xctest; sourceTree = BUILT_PRODUCTS_DIR; };
		18643B6C19C2A304007E74F9 /* Info.plist */ = {isa = PBXFileReference; lastKnownFileType = text.plist.xml; path = Info.plist; sourceTree = "<group>"; };
		18643B6D19C2A304007E74F9 /* carouselTests.swift */ = {isa = PBXFileReference; lastKnownFileType = sourcecode.swift; path = carouselTests.swift; sourceTree = "<group>"; };
/* End PBXFileReference section */

/* Begin PBXFrameworksBuildPhase section */
		18643B4F19C2A304007E74F9 /* Frameworks */ = {
			isa = PBXFrameworksBuildPhase;
			buildActionMask = 2147483647;
			files = (
			);
			runOnlyForDeploymentPostprocessing = 0;
		};
		18643B6419C2A304007E74F9 /* Frameworks */ = {
			isa = PBXFrameworksBuildPhase;
			buildActionMask = 2147483647;
			files = (
			);
			runOnlyForDeploymentPostprocessing = 0;
		};
/* End PBXFrameworksBuildPhase section */

/* Begin PBXGroup section */
		18643B4919C2A304007E74F9 = {
			isa = PBXGroup;
			children = (
				18643B5419C2A304007E74F9 /* carousel */,
				18643B6A19C2A304007E74F9 /* carouselTests */,
				18643B5319C2A304007E74F9 /* Products */,
			);
			sourceTree = "<group>";
		};
		18643B5319C2A304007E74F9 /* Products */ = {
			isa = PBXGroup;
			children = (
				18643B5219C2A304007E74F9 /* carousel.app */,
				18643B6719C2A304007E74F9 /* carouselTests.xctest */,
			);
			name = Products;
			sourceTree = "<group>";
		};
		18643B5419C2A304007E74F9 /* carousel */ = {
			isa = PBXGroup;
			children = (
				18643B5719C2A304007E74F9 /* AppDelegate.swift */,
				18643B5919C2A304007E74F9 /* ViewController.swift */,
				18643B5B19C2A304007E74F9 /* Main.storyboard */,
				18643B5E19C2A304007E74F9 /* Images.xcassets */,
				18643B6019C2A304007E74F9 /* LaunchScreen.xib */,
				18643B5519C2A304007E74F9 /* Supporting Files */,
			);
			path = carousel;
			sourceTree = "<group>";
		};
		18643B5519C2A304007E74F9 /* Supporting Files */ = {
			isa = PBXGroup;
			children = (
				18643B5619C2A304007E74F9 /* Info.plist */,
			);
			name = "Supporting Files";
			sourceTree = "<group>";
		};
		18643B6A19C2A304007E74F9 /* carouselTests */ = {
			isa = PBXGroup;
			children = (
				18643B6D19C2A304007E74F9 /* carouselTests.swift */,
				18643B6B19C2A304007E74F9 /* Supporting Files */,
			);
			path = carouselTests;
			sourceTree = "<group>";
		};
		18643B6B19C2A304007E74F9 /* Supporting Files */ = {
			isa = PBXGroup;
			children = (
				18643B6C19C2A304007E74F9 /* Info.plist */,
			);
			name = "Supporting Files";
			sourceTree = "<group>";
		};
/* End PBXGroup section */

/* Begin PBXNativeTarget section */
		18643B5119C2A304007E74F9 /* carousel */ = {
			isa = PBXNativeTarget;
			buildConfigurationList = 18643B7119C2A304007E74F9 /* Build configuration list for PBXNativeTarget "carousel" */;
			buildPhases = (
				18643B4E19C2A304007E74F9 /* Sources */,
				18643B4F19C2A304007E74F9 /* Frameworks */,
				18643B5019C2A304007E74F9 /* Resources */,
			);
			buildRules = (
			);
			dependencies = (
			);
			name = carousel;
			productName = carousel;
			productReference = 18643B5219C2A304007E74F9 /* carousel.app */;
			productType = "com.apple.product-type.application";
		};
		18643B6619C2A304007E74F9 /* carouselTests */ = {
			isa = PBXNativeTarget;
			buildConfigurationList = 18643B7419C2A304007E74F9 /* Build configuration list for PBXNativeTarget "carouselTests" */;
			buildPhases = (
				18643B6319C2A304007E74F9 /* Sources */,
				18643B6419C2A304007E74F9 /* Frameworks */,
				18643B6519C2A304007E74F9 /* Resources */,
			);
			buildRules = (
			);
			dependencies = (
				18643B6919C2A304007E74F9 /* PBXTargetDependency */,
			);
			name = carouselTests;
			productName = carouselTests;
			productReference = 18643B6719C2A304007E74F9 /* carouselTests.xctest */;
			productType = "com.apple.product-type.bundle.unit-test";
		};
/* End PBXNativeTarget section */

/* Begin PBXProject section */
		18643B4A19C2A304007E74F9 /* Project object */ = {
			isa = PBXProject;
			attributes = {
				LastUpgradeCheck = 0600;
				ORGANIZATIONNAME = Yahoo;
				TargetAttributes = {
					18643B5119C2A304007E74F9 = {
						CreatedOnToolsVersion = 6.0;
					};
					18643B6619C2A304007E74F9 = {
						CreatedOnToolsVersion = 6.0;
						TestTargetID = 18643B5119C2A304007E74F9;
					};
				};
			};
			buildConfigurationList = 18643B4D19C2A304007E74F9 /* Build configuration list for PBXProject "carousel" */;
			compatibilityVersion = "Xcode 3.2";
			developmentRegion = English;
			hasScannedForEncodings = 0;
			knownRegions = (
				en,
				Base,
			);
			mainGroup = 18643B4919C2A304007E74F9;
			productRefGroup = 18643B5319C2A304007E74F9 /* Products */;
			projectDirPath = "";
			projectRoot = "";
			targets = (
				18643B5119C2A304007E74F9 /* carousel */,
				18643B6619C2A304007E74F9 /* carouselTests */,
			);
		};
/* End PBXProject section */

/* Begin PBXResourcesBuildPhase section */
		18643B5019C2A304007E74F9 /* Resources */ = {
			isa = PBXResourcesBuildPhase;
			buildActionMask = 2147483647;
			files = (
				18643B5D19C2A304007E74F9 /* Main.storyboard in Resources */,
				18643B6219C2A304007E74F9 /* LaunchScreen.xib in Resources */,
				18643B5F19C2A304007E74F9 /* Images.xcassets in Resources */,
			);
			runOnlyForDeploymentPostprocessing = 0;
		};
		18643B6519C2A304007E74F9 /* Resources */ = {
			isa = PBXResourcesBuildPhase;
			buildActionMask = 2147483647;
			files = (
			);
			runOnlyForDeploymentPostprocessing = 0;
		};
/* End PBXResourcesBuildPhase section */

/* Begin PBXSourcesBuildPhase section */
		18643B4E19C2A304007E74F9 /* Sources */ = {
			isa = PBXSourcesBuildPhase;
			buildActionMask = 2147483647;
			files = (
				18643B5A19C2A304007E74F9 /* ViewController.swift in Sources */,
				18643B5819C2A304007E74F9 /* AppDelegate.swift in Sources */,
			);
			runOnlyForDeploymentPostprocessing = 0;
		};
		18643B6319C2A304007E74F9 /* Sources */ = {
			isa = PBXSourcesBuildPhase;
			buildActionMask = 2147483647;
			files = (
				18643B6E19C2A304007E74F9 /* carouselTests.swift in Sources */,
			);
			runOnlyForDeploymentPostprocessing = 0;
		};
/* End PBXSourcesBuildPhase section */

/* Begin PBXTargetDependency section */
		18643B6919C2A304007E74F9 /* PBXTargetDependency */ = {
			isa = PBXTargetDependency;
			target = 18643B5119C2A304007E74F9 /* carousel */;
			targetProxy = 18643B6819C2A304007E74F9 /* PBXContainerItemProxy */;
		};
/* End PBXTargetDependency section */

/* Begin PBXVariantGroup section */
		18643B5B19C2A304007E74F9 /* Main.storyboard */ = {
			isa = PBXVariantGroup;
			children = (
				18643B5C19C2A304007E74F9 /* Base */,
			);
			name = Main.storyboard;
			sourceTree = "<group>";
		};
		18643B6019C2A304007E74F9 /* LaunchScreen.xib */ = {
			isa = PBXVariantGroup;
			children = (
				18643B6119C2A304007E74F9 /* Base */,
			);
			name = LaunchScreen.xib;
			sourceTree = "<group>";
		};
/* End PBXVariantGroup section */

/* Begin XCBuildConfiguration section */
		18643B6F19C2A304007E74F9 /* Debug */ = {
			isa = XCBuildConfiguration;
			buildSettings = {
				ALWAYS_SEARCH_USER_PATHS = NO;
				CLANG_CXX_LANGUAGE_STANDARD = "gnu++0x";
				CLANG_CXX_LIBRARY = "libc++";
				CLANG_ENABLE_MODULES = YES;
				CLANG_ENABLE_OBJC_ARC = YES;
				CLANG_WARN_BOOL_CONVERSION = YES;
				CLANG_WARN_CONSTANT_CONVERSION = YES;
				CLANG_WARN_DIRECT_OBJC_ISA_USAGE = YES_ERROR;
				CLANG_WARN_EMPTY_BODY = YES;
				CLANG_WARN_ENUM_CONVERSION = YES;
				CLANG_WARN_INT_CONVERSION = YES;
				CLANG_WARN_OBJC_ROOT_CLASS = YES_ERROR;
				CLANG_WARN_UNREACHABLE_CODE = YES;
				CLANG_WARN__DUPLICATE_METHOD_MATCH = YES;
				"CODE_SIGN_IDENTITY[sdk=iphoneos*]" = "iPhone Developer";
				COPY_PHASE_STRIP = NO;
				ENABLE_STRICT_OBJC_MSGSEND = YES;
				GCC_C_LANGUAGE_STANDARD = gnu99;
				GCC_DYNAMIC_NO_PIC = NO;
				GCC_OPTIMIZATION_LEVEL = 0;
				GCC_PREPROCESSOR_DEFINITIONS = (
					"DEBUG=1",
					"$(inherited)",
				);
				GCC_SYMBOLS_PRIVATE_EXTERN = NO;
				GCC_WARN_64_TO_32_BIT_CONVERSION = YES;
				GCC_WARN_ABOUT_RETURN_TYPE = YES_ERROR;
				GCC_WARN_UNDECLARED_SELECTOR = YES;
				GCC_WARN_UNINITIALIZED_AUTOS = YES_AGGRESSIVE;
				GCC_WARN_UNUSED_FUNCTION = YES;
				GCC_WARN_UNUSED_VARIABLE = YES;
				IPHONEOS_DEPLOYMENT_TARGET = 8.0;
				MTL_ENABLE_DEBUG_INFO = YES;
				ONLY_ACTIVE_ARCH = YES;
				SDKROOT = iphoneos;
				SWIFT_OPTIMIZATION_LEVEL = "-Onone";
				TARGETED_DEVICE_FAMILY = "1,2";
			};
			name = Debug;
		};
		18643B7019C2A304007E74F9 /* Release */ = {
			isa = XCBuildConfiguration;
			buildSettings = {
				ALWAYS_SEARCH_USER_PATHS = NO;
				CLANG_CXX_LANGUAGE_STANDARD = "gnu++0x";
				CLANG_CXX_LIBRARY = "libc++";
				CLANG_ENABLE_MODULES = YES;
				CLANG_ENABLE_OBJC_ARC = YES;
				CLANG_WARN_BOOL_CONVERSION = YES;
				CLANG_WARN_CONSTANT_CONVERSION = YES;
				CLANG_WARN_DIRECT_OBJC_ISA_USAGE = YES_ERROR;
				CLANG_WARN_EMPTY_BODY = YES;
				CLANG_WARN_ENUM_CONVERSION = YES;
				CLANG_WARN_INT_CONVERSION = YES;
				CLANG_WARN_OBJC_ROOT_CLASS = YES_ERROR;
				CLANG_WARN_UNREACHABLE_CODE = YES;
				CLANG_WARN__DUPLICATE_METHOD_MATCH = YES;
				"CODE_SIGN_IDENTITY[sdk=iphoneos*]" = "iPhone Developer";
				COPY_PHASE_STRIP = YES;
				ENABLE_NS_ASSERTIONS = NO;
				ENABLE_STRICT_OBJC_MSGSEND = YES;
				GCC_C_LANGUAGE_STANDARD = gnu99;
				GCC_WARN_64_TO_32_BIT_CONVERSION = YES;
				GCC_WARN_ABOUT_RETURN_TYPE = YES_ERROR;
				GCC_WARN_UNDECLARED_SELECTOR = YES;
				GCC_WARN_UNINITIALIZED_AUTOS = YES_AGGRESSIVE;
				GCC_WARN_UNUSED_FUNCTION = YES;
				GCC_WARN_UNUSED_VARIABLE = YES;
				IPHONEOS_DEPLOYMENT_TARGET = 8.0;
				MTL_ENABLE_DEBUG_INFO = NO;
				SDKROOT = iphoneos;
				TARGETED_DEVICE_FAMILY = "1,2";
				VALIDATE_PRODUCT = YES;
			};
			name = Release;
		};
		18643B7219C2A304007E74F9 /* Debug */ = {
			isa = XCBuildConfiguration;
			buildSettings = {
				ASSETCATALOG_COMPILER_APPICON_NAME = AppIcon;
				INFOPLIST_FILE = carousel/Info.plist;
				LD_RUNPATH_SEARCH_PATHS = "$(inherited) @executable_path/Frameworks";
				PRODUCT_NAME = "$(TARGET_NAME)";
			};
			name = Debug;
		};
		18643B7319C2A304007E74F9 /* Release */ = {
			isa = XCBuildConfiguration;
			buildSettings = {
				ASSETCATALOG_COMPILER_APPICON_NAME = AppIcon;
				INFOPLIST_FILE = carousel/Info.plist;
				LD_RUNPATH_SEARCH_PATHS = "$(inherited) @executable_path/Frameworks";
				PRODUCT_NAME = "$(TARGET_NAME)";
			};
			name = Release;
		};
		18643B7519C2A304007E74F9 /* Debug */ = {
			isa = XCBuildConfiguration;
			buildSettings = {
				BUNDLE_LOADER = "$(TEST_HOST)";
				FRAMEWORK_SEARCH_PATHS = (
					"$(SDKROOT)/Developer/Library/Frameworks",
					"$(inherited)",
				);
				GCC_PREPROCESSOR_DEFINITIONS = (
					"DEBUG=1",
					"$(inherited)",
				);
				INFOPLIST_FILE = carouselTests/Info.plist;
				LD_RUNPATH_SEARCH_PATHS = "$(inherited) @executable_path/Frameworks @loader_path/Frameworks";
				PRODUCT_NAME = "$(TARGET_NAME)";
				TEST_HOST = "$(BUILT_PRODUCTS_DIR)/carousel.app/carousel";
			};
			name = Debug;
		};
		18643B7619C2A304007E74F9 /* Release */ = {
			isa = XCBuildConfiguration;
			buildSettings = {
				BUNDLE_LOADER = "$(TEST_HOST)";
				FRAMEWORK_SEARCH_PATHS = (
					"$(SDKROOT)/Developer/Library/Frameworks",
					"$(inherited)",
				);
				INFOPLIST_FILE = carouselTests/Info.plist;
				LD_RUNPATH_SEARCH_PATHS = "$(inherited) @executable_path/Frameworks @loader_path/Frameworks";
				PRODUCT_NAME = "$(TARGET_NAME)";
				TEST_HOST = "$(BUILT_PRODUCTS_DIR)/carousel.app/carousel";
			};
			name = Release;
		};
/* End XCBuildConfiguration section */

/* Begin XCConfigurationList section */
		18643B4D19C2A304007E74F9 /* Build configuration list for PBXProject "carousel" */ = {
			isa = XCConfigurationList;
			buildConfigurations = (
				18643B6F19C2A304007E74F9 /* Debug */,
				18643B7019C2A304007E74F9 /* Release */,
			);
			defaultConfigurationIsVisible = 0;
			defaultConfigurationName = Release;
		};
		18643B7119C2A304007E74F9 /* Build configuration list for PBXNativeTarget "carousel" */ = {
			isa = XCConfigurationList;
			buildConfigurations = (
				18643B7219C2A304007E74F9 /* Debug */,
				18643B7319C2A304007E74F9 /* Release */,
			);
			defaultConfigurationIsVisible = 0;
		};
		18643B7419C2A304007E74F9 /* Build configuration list for PBXNativeTarget "carouselTests" */ = {
			isa = XCConfigurationList;
			buildConfigurations = (
				18643B7519C2A304007E74F9 /* Debug */,
				18643B7619C2A304007E74F9 /* Release */,
			);
			defaultConfigurationIsVisible = 0;
		};
/* End XCConfigurationList section */
	};
	rootObject = 18643B4A19C2A304007E74F9 /* Project object */;
}
